
Microsoft Visual Studio Solution File, Format Version 12.00
# Visual Studio 15
VisualStudioVersion = 15.0.27428.2037
MinimumVisualStudioVersion = 10.0.40219.1
Project("{FAE04EC0-301F-11D3-BF4B-00C04F79EFBC}") = "FinalConsoleApp", "FinalConsoleApp\FinalConsoleApp.csproj", "{C653A0A1-871F-420E-BF23-4414C5BA525D}"
EndProject
Global
	GlobalSection(SolutionConfigurationPlatforms) = preSolution
		Debug|Any CPU = Debug|Any CPU
		Release|Any CPU = Release|Any CPU
	EndGlobalSection
	GlobalSection(ProjectConfigurationPlatforms) = postSolution
		{C653A0A1-871F-420E-BF23-4414C5BA525D}.Debug|Any CPU.ActiveCfg = Debug|Any CPU
		{C653A0A1-871F-420E-BF23-4414C5BA525D}.Debug|Any CPU.Build.0 = Debug|Any CPU
		{C653A0A1-871F-420E-BF23-4414C5BA525D}.Release|Any CPU.ActiveCfg = Release|Any CPU
		{C653A0A1-871F-420E-BF23-4414C5BA525D}.Release|Any CPU.Build.0 = Release|Any CPU
	EndGlobalSection
	GlobalSection(SolutionProperties) = preSolution
		HideSolutionNode = FALSE
	EndGlobalSection
	GlobalSection(ExtensibilityGlobals) = postSolution
		SolutionGuid = {AB10BA74-3E40-462B-8DB2-82DCC3DD92BE}
	EndGlobalSection
EndGlobal
